<?xml version="1.0" encoding="UTF-8" standalone="yes" ?>
<CodeBlocks_project_file>
	<FileVersion major="1" minor="6" />
	<Project>
		<Option title="PiscineC" />
		<Option pch_mode="2" />
		<Option compiler="gcc" />
		<Build>
			<Target title="Debug">
				<Option output="bin/Debug/PiscineC" prefix_auto="1" extension_auto="1" />
				<Option object_output="obj/Debug/" />
				<Option type="1" />
				<Option compiler="gcc" />
				<Compiler>
					<Add option="-g" />
				</Compiler>
			</Target>
			<Target title="Release">
				<Option output="bin/Release/PiscineC" prefix_auto="1" extension_auto="1" />
				<Option object_output="obj/Release/" />
				<Option type="1" />
				<Option compiler="gcc" />
				<Compiler>
					<Add option="-O2" />
				</Compiler>
				<Linker>
					<Add option="-s" />
				</Linker>
			</Target>
		</Build>
		<Compiler>
			<Add option="-Wall" />
		</Compiler>
		<Unit filename="ft_div_mod.c">
			<Option compilerVar="CC" />
		</Unit>
		<Unit filename="ft_fibonacci.c">
			<Option compilerVar="CC" />
		</Unit>
		<Unit filename="ft_find_next_prime.c">
			<Option compilerVar="CC" />
		</Unit>
		<Unit filename="ft_ft.c">
			<Option compilerVar="CC" />
		</Unit>
		<Unit filename="ft_is_negative.c">
			<Option compilerVar="CC" />
		</Unit>
		<Unit filename="ft_is_prime.c">
			<Option compilerVar="CC" />
		</Unit>
		<Unit filename="ft_iterative_factorial.c">
			<Option compilerVar="CC" />
		</Unit>
		<Unit filename="ft_iterative_power.c">
			<Option compilerVar="CC" />
		</Unit>
		<Unit filename="ft_print_alphabet.c">
			<Option compilerVar="CC" />
		</Unit>
		<Unit filename="ft_print_comb.c">
			<Option compilerVar="CC" />
		</Unit>
		<Unit filename="ft_print_numbers.c">
			<Option compilerVar="CC" />
		</Unit>
		<Unit filename="ft_print_params.c">
			<Option compilerVar="CC" />
		</Unit>
		<Unit filename="ft_print_program_name.c">
			<Option compilerVar="CC" />
		</Unit>
		<Unit filename="ft_print_reverse_alphabet.c">
			<Option compilerVar="CC" />
		</Unit>
		<Unit filename="ft_putchar.c">
			<Option compilerVar="CC" />
		</Unit>
		<Unit filename="ft_putnbr.c">
			<Option compilerVar="CC" />
		</Unit>
		<Unit filename="ft_putstr.c">
			<Option compilerVar="CC" />
		</Unit>
		<Unit filename="ft_recursive_factorial.c">
			<Option compilerVar="CC" />
		</Unit>
		<Unit filename="ft_recursive_power.c">
			<Option compilerVar="CC" />
		</Unit>
		<Unit filename="ft_rev_int_tab.c">
			<Option compilerVar="CC" />
		</Unit>
		<Unit filename="ft_sort_int_tab.c">
			<Option compilerVar="CC" />
		</Unit>
		<Unit filename="ft_sqrt.c">
			<Option compilerVar="CC" />
		</Unit>
		<Unit filename="ft_str_is_alpha.c">
			<Option compilerVar="CC" />
		</Unit>
		<Unit filename="ft_str_is_lowercase.c">
			<Option compilerVar="CC" />
		</Unit>
		<Unit filename="ft_str_is_numeric.c">
			<Option compilerVar="CC" />
		</Unit>
		<Unit filename="ft_str_is_printable.c">
			<Option compilerVar="CC" />
		</Unit>
		<Unit filename="ft_str_is_uppercase.c">
			<Option compilerVar="CC" />
		</Unit>
		<Unit filename="ft_strcapitalize.c">
			<Option compilerVar="CC" />
		</Unit>
		<Unit filename="ft_strcat.c">
			<Option compilerVar="CC" />
		</Unit>
		<Unit filename="ft_strcmp.c">
			<Option compilerVar="CC" />
		</Unit>
		<Unit filename="ft_strcpy.c">
			<Option compilerVar="CC" />
		</Unit>
		<Unit filename="ft_strlen.c">
			<Option compilerVar="CC" />
		</Unit>
		<Unit filename="ft_strlowcase.c">
			<Option compilerVar="CC" />
		</Unit>
		<Unit filename="ft_strncat.c">
			<Option compilerVar="CC" />
		</Unit>
		<Unit filename="ft_strncmp.c">
			<Option compilerVar="CC" />
		</Unit>
		<Unit filename="ft_strncmp2.c">
			<Option compilerVar="CC" />
		</Unit>
		<Unit filename="ft_strncpy.c">
			<Option compilerVar="CC" />
		</Unit>
		<Unit filename="ft_strstr.c">
			<Option compilerVar="CC" />
		</Unit>
		<Unit filename="ft_strstr2.c">
			<Option compilerVar="CC" />
		</Unit>
		<Unit filename="ft_strupcase.c">
			<Option compilerVar="CC" />
		</Unit>
		<Unit filename="ft_swap.c">
			<Option compilerVar="CC" />
		</Unit>
		<Unit filename="ft_ultimate_div_mod.c">
			<Option compilerVar="CC" />
		</Unit>
		<Unit filename="ft_ultimate_ft.c">
			<Option compilerVar="CC" />
		</Unit>
		<Unit filename="main.c">
			<Option compilerVar="CC" />
		</Unit>
		<Extensions>
			<lib_finder disable_auto="1" />
		</Extensions>
	</Project>
</CodeBlocks_project_file>
